
Microsoft Visual Studio Solution File, Format Version 12.00
# Visual Studio Version 17
VisualStudioVersion = 17.9.34616.47
MinimumVisualStudioVersion = 10.0.40219.1
Project("{9A19103F-16F7-4668-BE54-9A1E7A4F7556}") = "ShopMVC", "ShopMVC\ShopMVC.csproj", "{50D38589-52D0-4348-BCFD-09E4131FF57B}"
EndProject
Project("{9A19103F-16F7-4668-BE54-9A1E7A4F7556}") = "DataAccess", "DataAccess\DataAccess.csproj", "{FE01A4C2-54ED-429D-9DA9-A22CBF5485E1}"
EndProject
Project("{FAE04EC0-301F-11D3-BF4B-00C04F79EFBC}") = "BusinessLogic", "BusinessLogic\BusinessLogic.csproj", "{D49B67B0-04E3-4F1B-975E-F48A6E24B781}"
EndProject
Global
	GlobalSection(SolutionConfigurationPlatforms) = preSolution
		Debug|Any CPU = Debug|Any CPU
		Release|Any CPU = Release|Any CPU
	EndGlobalSection
	GlobalSection(ProjectConfigurationPlatforms) = postSolution
		{50D38589-52D0-4348-BCFD-09E4131FF57B}.Debug|Any CPU.ActiveCfg = Debug|Any CPU
		{50D38589-52D0-4348-BCFD-09E4131FF57B}.Debug|Any CPU.Build.0 = Debug|Any CPU
		{50D38589-52D0-4348-BCFD-09E4131FF57B}.Release|Any CPU.ActiveCfg = Release|Any CPU
		{50D38589-52D0-4348-BCFD-09E4131FF57B}.Release|Any CPU.Build.0 = Release|Any CPU
		{FE01A4C2-54ED-429D-9DA9-A22CBF5485E1}.Debug|Any CPU.ActiveCfg = Debug|Any CPU
		{FE01A4C2-54ED-429D-9DA9-A22CBF5485E1}.Debug|Any CPU.Build.0 = Debug|Any CPU
		{FE01A4C2-54ED-429D-9DA9-A22CBF5485E1}.Release|Any CPU.ActiveCfg = Release|Any CPU
		{FE01A4C2-54ED-429D-9DA9-A22CBF5485E1}.Release|Any CPU.Build.0 = Release|Any CPU
		{D49B67B0-04E3-4F1B-975E-F48A6E24B781}.Debug|Any CPU.ActiveCfg = Debug|Any CPU
		{D49B67B0-04E3-4F1B-975E-F48A6E24B781}.Debug|Any CPU.Build.0 = Debug|Any CPU
		{D49B67B0-04E3-4F1B-975E-F48A6E24B781}.Release|Any CPU.ActiveCfg = Release|Any CPU
		{D49B67B0-04E3-4F1B-975E-F48A6E24B781}.Release|Any CPU.Build.0 = Release|Any CPU
	EndGlobalSection
	GlobalSection(SolutionProperties) = preSolution
		HideSolutionNode = FALSE
	EndGlobalSection
	GlobalSection(ExtensibilityGlobals) = postSolution
		SolutionGuid = {C1E0A7C7-4DA7-4CD8-B4AC-C9ABE20007E0}
	EndGlobalSection
EndGlobal
